// !$*UTF8*$!
{
	archiveVersion = 1;
	classes = {
	};
	objectVersion = 50;
	objects = {

/* Begin PBXBuildFile section */
		84131517254B77AD00F0B6EF /* AppDelegate.swift in Sources */ = {isa = PBXBuildFile; fileRef = 84131516254B77AD00F0B6EF /* AppDelegate.swift */; };
		84131519254B77AD00F0B6EF /* SceneDelegate.swift in Sources */ = {isa = PBXBuildFile; fileRef = 84131518254B77AD00F0B6EF /* SceneDelegate.swift */; };
		8413151B254B77AD00F0B6EF /* ViewController.swift in Sources */ = {isa = PBXBuildFile; fileRef = 8413151A254B77AD00F0B6EF /* ViewController.swift */; };
		8413151E254B77AD00F0B6EF /* Main.storyboard in Resources */ = {isa = PBXBuildFile; fileRef = 8413151C254B77AD00F0B6EF /* Main.storyboard */; };
		84131520254B77AE00F0B6EF /* Assets.xcassets in Resources */ = {isa = PBXBuildFile; fileRef = 8413151F254B77AE00F0B6EF /* Assets.xcassets */; };
		84131523254B77AE00F0B6EF /* LaunchScreen.storyboard in Resources */ = {isa = PBXBuildFile; fileRef = 84131521254B77AE00F0B6EF /* LaunchScreen.storyboard */; };
		8413152E254B77AE00F0B6EF /* ScheduleTests.swift in Sources */ = {isa = PBXBuildFile; fileRef = 8413152D254B77AE00F0B6EF /* ScheduleTests.swift */; };
		84131539254B77AF00F0B6EF /* ScheduleUITests.swift in Sources */ = {isa = PBXBuildFile; fileRef = 84131538254B77AF00F0B6EF /* ScheduleUITests.swift */; };
/* End PBXBuildFile section */

/* Begin PBXContainerItemProxy section */
		8413152A254B77AE00F0B6EF /* PBXContainerItemProxy */ = {
			isa = PBXContainerItemProxy;
			containerPortal = 8413150B254B77AD00F0B6EF /* Project object */;
			proxyType = 1;
			remoteGlobalIDString = 84131512254B77AD00F0B6EF;
			remoteInfo = Schedule;
		};
		84131535254B77AF00F0B6EF /* PBXContainerItemProxy */ = {
			isa = PBXContainerItemProxy;
			containerPortal = 8413150B254B77AD00F0B6EF /* Project object */;
			proxyType = 1;
			remoteGlobalIDString = 84131512254B77AD00F0B6EF;
			remoteInfo = Schedule;
		};
/* End PBXContainerItemProxy section */

/* Begin PBXFileReference section */
		84131513254B77AD00F0B6EF /* Schedule.app */ = {isa = PBXFileReference; explicitFileType = wrapper.application; includeInIndex = 0; path = Schedule.app; sourceTree = BUILT_PRODUCTS_DIR; };
		84131516254B77AD00F0B6EF /* AppDelegate.swift */ = {isa = PBXFileReference; lastKnownFileType = sourcecode.swift; path = AppDelegate.swift; sourceTree = "<group>"; };
		84131518254B77AD00F0B6EF /* SceneDelegate.swift */ = {isa = PBXFileReference; lastKnownFileType = sourcecode.swift; path = SceneDelegate.swift; sourceTree = "<group>"; };
		8413151A254B77AD00F0B6EF /* ViewController.swift */ = {isa = PBXFileReference; lastKnownFileType = sourcecode.swift; path = ViewController.swift; sourceTree = "<group>"; };
		8413151D254B77AD00F0B6EF /* Base */ = {isa = PBXFileReference; lastKnownFileType = file.storyboard; name = Base; path = Base.lproj/Main.storyboard; sourceTree = "<group>"; };
		8413151F254B77AE00F0B6EF /* Assets.xcassets */ = {isa = PBXFileReference; lastKnownFileType = folder.assetcatalog; path = Assets.xcassets; sourceTree = "<group>"; };
		84131522254B77AE00F0B6EF /* Base */ = {isa = PBXFileReference; lastKnownFileType = file.storyboard; name = Base; path = Base.lproj/LaunchScreen.storyboard; sourceTree = "<group>"; };
		84131524254B77AE00F0B6EF /* Info.plist */ = {isa = PBXFileReference; lastKnownFileType = text.plist.xml; path = Info.plist; sourceTree = "<group>"; };
		84131529254B77AE00F0B6EF /* ScheduleTests.xctest */ = {isa = PBXFileReference; explicitFileType = wrapper.cfbundle; includeInIndex = 0; path = ScheduleTests.xctest; sourceTree = BUILT_PRODUCTS_DIR; };
		8413152D254B77AE00F0B6EF /* ScheduleTests.swift */ = {isa = PBXFileReference; lastKnownFileType = sourcecode.swift; path = ScheduleTests.swift; sourceTree = "<group>"; };
		8413152F254B77AE00F0B6EF /* Info.plist */ = {isa = PBXFileReference; lastKnownFileType = text.plist.xml; path = Info.plist; sourceTree = "<group>"; };
		84131534254B77AF00F0B6EF /* ScheduleUITests.xctest */ = {isa = PBXFileReference; explicitFileType = wrapper.cfbundle; includeInIndex = 0; path = ScheduleUITests.xctest; sourceTree = BUILT_PRODUCTS_DIR; };
		84131538254B77AF00F0B6EF /* ScheduleUITests.swift */ = {isa = PBXFileReference; lastKnownFileType = sourcecode.swift; path = ScheduleUITests.swift; sourceTree = "<group>"; };
		8413153A254B77AF00F0B6EF /* Info.plist */ = {isa = PBXFileReference; lastKnownFileType = text.plist.xml; path = Info.plist; sourceTree = "<group>"; };
/* End PBXFileReference section */

/* Begin PBXFrameworksBuildPhase section */
		84131510254B77AD00F0B6EF /* Frameworks */ = {
			isa = PBXFrameworksBuildPhase;
			buildActionMask = 2147483647;
			files = (
			);
			runOnlyForDeploymentPostprocessing = 0;
		};
		84131526254B77AE00F0B6EF /* Frameworks */ = {
			isa = PBXFrameworksBuildPhase;
			buildActionMask = 2147483647;
			files = (
			);
			runOnlyForDeploymentPostprocessing = 0;
		};
		84131531254B77AF00F0B6EF /* Frameworks */ = {
			isa = PBXFrameworksBuildPhase;
			buildActionMask = 2147483647;
			files = (
			);
			runOnlyForDeploymentPostprocessing = 0;
		};
/* End PBXFrameworksBuildPhase section */

/* Begin PBXGroup section */
		8413150A254B77AD00F0B6EF = {
			isa = PBXGroup;
			children = (
				84131515254B77AD00F0B6EF /* Schedule */,
				8413152C254B77AE00F0B6EF /* ScheduleTests */,
				84131537254B77AF00F0B6EF /* ScheduleUITests */,
				84131514254B77AD00F0B6EF /* Products */,
			);
			sourceTree = "<group>";
		};
		84131514254B77AD00F0B6EF /* Products */ = {
			isa = PBXGroup;
			children = (
				84131513254B77AD00F0B6EF /* Schedule.app */,
				84131529254B77AE00F0B6EF /* ScheduleTests.xctest */,
				84131534254B77AF00F0B6EF /* ScheduleUITests.xctest */,
			);
			name = Products;
			sourceTree = "<group>";
		};
		84131515254B77AD00F0B6EF /* Schedule */ = {
			isa = PBXGroup;
			children = (
				84131516254B77AD00F0B6EF /* AppDelegate.swift */,
				84131518254B77AD00F0B6EF /* SceneDelegate.swift */,
				8413151A254B77AD00F0B6EF /* ViewController.swift */,
				8413151C254B77AD00F0B6EF /* Main.storyboard */,
				8413151F254B77AE00F0B6EF /* Assets.xcassets */,
				84131521254B77AE00F0B6EF /* LaunchScreen.storyboard */,
				84131524254B77AE00F0B6EF /* Info.plist */,
			);
			path = Schedule;
			sourceTree = "<group>";
		};
		8413152C254B77AE00F0B6EF /* ScheduleTests */ = {
			isa = PBXGroup;
			children = (
				8413152D254B77AE00F0B6EF /* ScheduleTests.swift */,
				8413152F254B77AE00F0B6EF /* Info.plist */,
			);
			path = ScheduleTests;
			sourceTree = "<group>";
		};
		84131537254B77AF00F0B6EF /* ScheduleUITests */ = {
			isa = PBXGroup;
			children = (
				84131538254B77AF00F0B6EF /* ScheduleUITests.swift */,
				8413153A254B77AF00F0B6EF /* Info.plist */,
			);
			path = ScheduleUITests;
			sourceTree = "<group>";
		};
/* End PBXGroup section */

/* Begin PBXNativeTarget section */
		84131512254B77AD00F0B6EF /* Schedule */ = {
			isa = PBXNativeTarget;
			buildConfigurationList = 8413153D254B77AF00F0B6EF /* Build configuration list for PBXNativeTarget "Schedule" */;
			buildPhases = (
				8413150F254B77AD00F0B6EF /* Sources */,
				84131510254B77AD00F0B6EF /* Frameworks */,
				84131511254B77AD00F0B6EF /* Resources */,
			);
			buildRules = (
			);
			dependencies = (
			);
			name = Schedule;
			productName = Schedule;
			productReference = 84131513254B77AD00F0B6EF /* Schedule.app */;
			productType = "com.apple.product-type.application";
		};
		84131528254B77AE00F0B6EF /* ScheduleTests */ = {
			isa = PBXNativeTarget;
			buildConfigurationList = 84131540254B77AF00F0B6EF /* Build configuration list for PBXNativeTarget "ScheduleTests" */;
			buildPhases = (
				84131525254B77AE00F0B6EF /* Sources */,
				84131526254B77AE00F0B6EF /* Frameworks */,
				84131527254B77AE00F0B6EF /* Resources */,
			);
			buildRules = (
			);
			dependencies = (
				8413152B254B77AE00F0B6EF /* PBXTargetDependency */,
			);
			name = ScheduleTests;
			productName = ScheduleTests;
			productReference = 84131529254B77AE00F0B6EF /* ScheduleTests.xctest */;
			productType = "com.apple.product-type.bundle.unit-test";
		};
		84131533254B77AF00F0B6EF /* ScheduleUITests */ = {
			isa = PBXNativeTarget;
			buildConfigurationList = 84131543254B77AF00F0B6EF /* Build configuration list for PBXNativeTarget "ScheduleUITests" */;
			buildPhases = (
				84131530254B77AF00F0B6EF /* Sources */,
				84131531254B77AF00F0B6EF /* Frameworks */,
				84131532254B77AF00F0B6EF /* Resources */,
			);
			buildRules = (
			);
			dependencies = (
				84131536254B77AF00F0B6EF /* PBXTargetDependency */,
			);
			name = ScheduleUITests;
			productName = ScheduleUITests;
			productReference = 84131534254B77AF00F0B6EF /* ScheduleUITests.xctest */;
			productType = "com.apple.product-type.bundle.ui-testing";
		};
/* End PBXNativeTarget section */

/* Begin PBXProject section */
		8413150B254B77AD00F0B6EF /* Project object */ = {
			isa = PBXProject;
			attributes = {
				LastSwiftUpdateCheck = 1200;
				LastUpgradeCheck = 1200;
				TargetAttributes = {
					84131512254B77AD00F0B6EF = {
						CreatedOnToolsVersion = 12.0;
					};
					84131528254B77AE00F0B6EF = {
						CreatedOnToolsVersion = 12.0;
						TestTargetID = 84131512254B77AD00F0B6EF;
					};
					84131533254B77AF00F0B6EF = {
						CreatedOnToolsVersion = 12.0;
						TestTargetID = 84131512254B77AD00F0B6EF;
					};
				};
			};
			buildConfigurationList = 8413150E254B77AD00F0B6EF /* Build configuration list for PBXProject "Schedule" */;
			compatibilityVersion = "Xcode 9.3";
			developmentRegion = en;
			hasScannedForEncodings = 0;
			knownRegions = (
				en,
				Base,
			);
			mainGroup = 8413150A254B77AD00F0B6EF;
			productRefGroup = 84131514254B77AD00F0B6EF /* Products */;
			projectDirPath = "";
			projectRoot = "";
			targets = (
				84131512254B77AD00F0B6EF /* Schedule */,
				84131528254B77AE00F0B6EF /* ScheduleTests */,
				84131533254B77AF00F0B6EF /* ScheduleUITests */,
			);
		};
/* End PBXProject section */

/* Begin PBXResourcesBuildPhase section */
		84131511254B77AD00F0B6EF /* Resources */ = {
			isa = PBXResourcesBuildPhase;
			buildActionMask = 2147483647;
			files = (
				84131523254B77AE00F0B6EF /* LaunchScreen.storyboard in Resources */,
				84131520254B77AE00F0B6EF /* Assets.xcassets in Resources */,
				8413151E254B77AD00F0B6EF /* Main.storyboard in Resources */,
			);
			runOnlyForDeploymentPostprocessing = 0;
		};
		84131527254B77AE00F0B6EF /* Resources */ = {
			isa = PBXResourcesBuildPhase;
			buildActionMask = 2147483647;
			files = (
			);
			runOnlyForDeploymentPostprocessing = 0;
		};
		84131532254B77AF00F0B6EF /* Resources */ = {
			isa = PBXResourcesBuildPhase;
			buildActionMask = 2147483647;
			files = (
			);
			runOnlyForDeploymentPostprocessing = 0;
		};
/* End PBXResourcesBuildPhase section */

/* Begin PBXSourcesBuildPhase section */
		8413150F254B77AD00F0B6EF /* Sources */ = {
			isa = PBXSourcesBuildPhase;
			buildActionMask = 2147483647;
			files = (
				8413151B254B77AD00F0B6EF /* ViewController.swift in Sources */,
				84131517254B77AD00F0B6EF /* AppDelegate.swift in Sources */,
				84131519254B77AD00F0B6EF /* SceneDelegate.swift in Sources */,
			);
			runOnlyForDeploymentPostprocessing = 0;
		};
		84131525254B77AE00F0B6EF /* Sources */ = {
			isa = PBXSourcesBuildPhase;
			buildActionMask = 2147483647;
			files = (
				8413152E254B77AE00F0B6EF /* ScheduleTests.swift in Sources */,
			);
			runOnlyForDeploymentPostprocessing = 0;
		};
		84131530254B77AF00F0B6EF /* Sources */ = {
			isa = PBXSourcesBuildPhase;
			buildActionMask = 2147483647;
			files = (
				84131539254B77AF00F0B6EF /* ScheduleUITests.swift in Sources */,
			);
			runOnlyForDeploymentPostprocessing = 0;
		};
/* End PBXSourcesBuildPhase section */

/* Begin PBXTargetDependency section */
		8413152B254B77AE00F0B6EF /* PBXTargetDependency */ = {
			isa = PBXTargetDependency;
			target = 84131512254B77AD00F0B6EF /* Schedule */;
			targetProxy = 8413152A254B77AE00F0B6EF /* PBXContainerItemProxy */;
		};
		84131536254B77AF00F0B6EF /* PBXTargetDependency */ = {
			isa = PBXTargetDependency;
			target = 84131512254B77AD00F0B6EF /* Schedule */;
			targetProxy = 84131535254B77AF00F0B6EF /* PBXContainerItemProxy */;
		};
/* End PBXTargetDependency section */

/* Begin PBXVariantGroup section */
		8413151C254B77AD00F0B6EF /* Main.storyboard */ = {
			isa = PBXVariantGroup;
			children = (
				8413151D254B77AD00F0B6EF /* Base */,
			);
			name = Main.storyboard;
			sourceTree = "<group>";
		};
		84131521254B77AE00F0B6EF /* LaunchScreen.storyboard */ = {
			isa = PBXVariantGroup;
			children = (
				84131522254B77AE00F0B6EF /* Base */,
			);
			name = LaunchScreen.storyboard;
			sourceTree = "<group>";
		};
/* End PBXVariantGroup section */

/* Begin XCBuildConfiguration section */
		8413153B254B77AF00F0B6EF /* Debug */ = {
			isa = XCBuildConfiguration;
			buildSettings = {
				ALWAYS_SEARCH_USER_PATHS = NO;
				CLANG_ANALYZER_NONNULL = YES;
				CLANG_ANALYZER_NUMBER_OBJECT_CONVERSION = YES_AGGRESSIVE;
				CLANG_CXX_LANGUAGE_STANDARD = "gnu++14";
				CLANG_CXX_LIBRARY = "libc++";
				CLANG_ENABLE_MODULES = YES;
				CLANG_ENABLE_OBJC_ARC = YES;
				CLANG_ENABLE_OBJC_WEAK = YES;
				CLANG_WARN_BLOCK_CAPTURE_AUTORELEASING = YES;
				CLANG_WARN_BOOL_CONVERSION = YES;
				CLANG_WARN_COMMA = YES;
				CLANG_WARN_CONSTANT_CONVERSION = YES;
				CLANG_WARN_DEPRECATED_OBJC_IMPLEMENTATIONS = YES;
				CLANG_WARN_DIRECT_OBJC_ISA_USAGE = YES_ERROR;
				CLANG_WARN_DOCUMENTATION_COMMENTS = YES;
				CLANG_WARN_EMPTY_BODY = YES;
				CLANG_WARN_ENUM_CONVERSION = YES;
				CLANG_WARN_INFINITE_RECURSION = YES;
				CLANG_WARN_INT_CONVERSION = YES;
				CLANG_WARN_NON_LITERAL_NULL_CONVERSION = YES;
				CLANG_WARN_OBJC_IMPLICIT_RETAIN_SELF = YES;
				CLANG_WARN_OBJC_LITERAL_CONVERSION = YES;
				CLANG_WARN_OBJC_ROOT_CLASS = YES_ERROR;
				CLANG_WARN_QUOTED_INCLUDE_IN_FRAMEWORK_HEADER = YES;
				CLANG_WARN_RANGE_LOOP_ANALYSIS = YES;
				CLANG_WARN_STRICT_PROTOTYPES = YES;
				CLANG_WARN_SUSPICIOUS_MOVE = YES;
				CLANG_WARN_UNGUARDED_AVAILABILITY = YES_AGGRESSIVE;
				CLANG_WARN_UNREACHABLE_CODE = YES;
				CLANG_WARN__DUPLICATE_METHOD_MATCH = YES;
				COPY_PHASE_STRIP = NO;
				DEBUG_INFORMATION_FORMAT = dwarf;
				ENABLE_STRICT_OBJC_MSGSEND = YES;
				ENABLE_TESTABILITY = YES;
				GCC_C_LANGUAGE_STANDARD = gnu11;
				GCC_DYNAMIC_NO_PIC = NO;
				GCC_NO_COMMON_BLOCKS = YES;
				GCC_OPTIMIZATION_LEVEL = 0;
				GCC_PREPROCESSOR_DEFINITIONS = (
					"DEBUG=1",
					"$(inherited)",
				);
				GCC_WARN_64_TO_32_BIT_CONVERSION = YES;
				GCC_WARN_ABOUT_RETURN_TYPE = YES_ERROR;
				GCC_WARN_UNDECLARED_SELECTOR = YES;
				GCC_WARN_UNINITIALIZED_AUTOS = YES_AGGRESSIVE;
				GCC_WARN_UNUSED_FUNCTION = YES;
				GCC_WARN_UNUSED_VARIABLE = YES;
				IPHONEOS_DEPLOYMENT_TARGET = 14.0;
				MTL_ENABLE_DEBUG_INFO = INCLUDE_SOURCE;
				MTL_FAST_MATH = YES;
				ONLY_ACTIVE_ARCH = YES;
				SDKROOT = iphoneos;
				SWIFT_ACTIVE_COMPILATION_CONDITIONS = DEBUG;
				SWIFT_OPTIMIZATION_LEVEL = "-Onone";
			};
			name = Debug;
		};
		8413153C254B77AF00F0B6EF /* Release */ = {
			isa = XCBuildConfiguration;
			buildSettings = {
				ALWAYS_SEARCH_USER_PATHS = NO;
				CLANG_ANALYZER_NONNULL = YES;
				CLANG_ANALYZER_NUMBER_OBJECT_CONVERSION = YES_AGGRESSIVE;
				CLANG_CXX_LANGUAGE_STANDARD = "gnu++14";
				CLANG_CXX_LIBRARY = "libc++";
				CLANG_ENABLE_MODULES = YES;
				CLANG_ENABLE_OBJC_ARC = YES;
				CLANG_ENABLE_OBJC_WEAK = YES;
				CLANG_WARN_BLOCK_CAPTURE_AUTORELEASING = YES;
				CLANG_WARN_BOOL_CONVERSION = YES;
				CLANG_WARN_COMMA = YES;
				CLANG_WARN_CONSTANT_CONVERSION = YES;
				CLANG_WARN_DEPRECATED_OBJC_IMPLEMENTATIONS = YES;
				CLANG_WARN_DIRECT_OBJC_ISA_USAGE = YES_ERROR;
				CLANG_WARN_DOCUMENTATION_COMMENTS = YES;
				CLANG_WARN_EMPTY_BODY = YES;
				CLANG_WARN_ENUM_CONVERSION = YES;
				CLANG_WARN_INFINITE_RECURSION = YES;
				CLANG_WARN_INT_CONVERSION = YES;
				CLANG_WARN_NON_LITERAL_NULL_CONVERSION = YES;
				CLANG_WARN_OBJC_IMPLICIT_RETAIN_SELF = YES;
				CLANG_WARN_OBJC_LITERAL_CONVERSION = YES;
				CLANG_WARN_OBJC_ROOT_CLASS = YES_ERROR;
				CLANG_WARN_QUOTED_INCLUDE_IN_FRAMEWORK_HEADER = YES;
				CLANG_WARN_RANGE_LOOP_ANALYSIS = YES;
				CLANG_WARN_STRICT_PROTOTYPES = YES;
				CLANG_WARN_SUSPICIOUS_MOVE = YES;
				CLANG_WARN_UNGUARDED_AVAILABILITY = YES_AGGRESSIVE;
				CLANG_WARN_UNREACHABLE_CODE = YES;
				CLANG_WARN__DUPLICATE_METHOD_MATCH = YES;
				COPY_PHASE_STRIP = NO;
				DEBUG_INFORMATION_FORMAT = "dwarf-with-dsym";
				ENABLE_NS_ASSERTIONS = NO;
				ENABLE_STRICT_OBJC_MSGSEND = YES;
				GCC_C_LANGUAGE_STANDARD = gnu11;
				GCC_NO_COMMON_BLOCKS = YES;
				GCC_WARN_64_TO_32_BIT_CONVERSION = YES;
				GCC_WARN_ABOUT_RETURN_TYPE = YES_ERROR;
				GCC_WARN_UNDECLARED_SELECTOR = YES;
				GCC_WARN_UNINITIALIZED_AUTOS = YES_AGGRESSIVE;
				GCC_WARN_UNUSED_FUNCTION = YES;
				GCC_WARN_UNUSED_VARIABLE = YES;
				IPHONEOS_DEPLOYMENT_TARGET = 14.0;
				MTL_ENABLE_DEBUG_INFO = NO;
				MTL_FAST_MATH = YES;
				SDKROOT = iphoneos;
				SWIFT_COMPILATION_MODE = wholemodule;
				SWIFT_OPTIMIZATION_LEVEL = "-O";
				VALIDATE_PRODUCT = YES;
			};
			name = Release;
		};
		8413153E254B77AF00F0B6EF /* Debug */ = {
			isa = XCBuildConfiguration;
			buildSettings = {
				ASSETCATALOG_COMPILER_APPICON_NAME = AppIcon;
				ASSETCATALOG_COMPILER_GLOBAL_ACCENT_COLOR_NAME = AccentColor;
				CODE_SIGN_STYLE = Automatic;
				DEVELOPMENT_TEAM = STC4XW93GM;
				INFOPLIST_FILE = Schedule/Info.plist;
				LD_RUNPATH_SEARCH_PATHS = (
					"$(inherited)",
					"@executable_path/Frameworks",
				);
				PRODUCT_BUNDLE_IDENTIFIER = com.venkatagovadrhangoli.Schedule;
				PRODUCT_NAME = "$(TARGET_NAME)";
				SWIFT_VERSION = 5.0;
				TARGETED_DEVICE_FAMILY = "1,2";
			};
			name = Debug;
		};
		8413153F254B77AF00F0B6EF /* Release */ = {
			isa = XCBuildConfiguration;
			buildSettings = {
				ASSETCATALOG_COMPILER_APPICON_NAME = AppIcon;
				ASSETCATALOG_COMPILER_GLOBAL_ACCENT_COLOR_NAME = AccentColor;
				CODE_SIGN_STYLE = Automatic;
				DEVELOPMENT_TEAM = STC4XW93GM;
				INFOPLIST_FILE = Schedule/Info.plist;
				LD_RUNPATH_SEARCH_PATHS = (
					"$(inherited)",
					"@executable_path/Frameworks",
				);
				PRODUCT_BUNDLE_IDENTIFIER = com.venkatagovadrhangoli.Schedule;
				PRODUCT_NAME = "$(TARGET_NAME)";
				SWIFT_VERSION = 5.0;
				TARGETED_DEVICE_FAMILY = "1,2";
			};
			name = Release;
		};
		84131541254B77AF00F0B6EF /* Debug */ = {
			isa = XCBuildConfiguration;
			buildSettings = {
				ALWAYS_EMBED_SWIFT_STANDARD_LIBRARIES = YES;
				BUNDLE_LOADER = "$(TEST_HOST)";
				CODE_SIGN_STYLE = Automatic;
				DEVELOPMENT_TEAM = STC4XW93GM;
				INFOPLIST_FILE = ScheduleTests/Info.plist;
				IPHONEOS_DEPLOYMENT_TARGET = 14.0;
				LD_RUNPATH_SEARCH_PATHS = (
					"$(inherited)",
					"@executable_path/Frameworks",
					"@loader_path/Frameworks",
				);
				PRODUCT_BUNDLE_IDENTIFIER = com.venkatagovadrhangoli.ScheduleTests;
				PRODUCT_NAME = "$(TARGET_NAME)";
				SWIFT_VERSION = 5.0;
				TARGETED_DEVICE_FAMILY = "1,2";
				TEST_HOST = "$(BUILT_PRODUCTS_DIR)/Schedule.app/Schedule";
			};
			name = Debug;
		};
		84131542254B77AF00F0B6EF /* Release */ = {
			isa = XCBuildConfiguration;
			buildSettings = {
				ALWAYS_EMBED_SWIFT_STANDARD_LIBRARIES = YES;
				BUNDLE_LOADER = "$(TEST_HOST)";
				CODE_SIGN_STYLE = Automatic;
				DEVELOPMENT_TEAM = STC4XW93GM;
				INFOPLIST_FILE = ScheduleTests/Info.plist;
				IPHONEOS_DEPLOYMENT_TARGET = 14.0;
				LD_RUNPATH_SEARCH_PATHS = (
					"$(inherited)",
					"@executable_path/Frameworks",
					"@loader_path/Frameworks",
				);
				PRODUCT_BUNDLE_IDENTIFIER = com.venkatagovadrhangoli.ScheduleTests;
				PRODUCT_NAME = "$(TARGET_NAME)";
				SWIFT_VERSION = 5.0;
				TARGETED_DEVICE_FAMILY = "1,2";
				TEST_HOST = "$(BUILT_PRODUCTS_DIR)/Schedule.app/Schedule";
			};
			name = Release;
		};
		84131544254B77AF00F0B6EF /* Debug */ = {
			isa = XCBuildConfiguration;
			buildSettings = {
				ALWAYS_EMBED_SWIFT_STANDARD_LIBRARIES = YES;
				CODE_SIGN_STYLE = Automatic;
				DEVELOPMENT_TEAM = STC4XW93GM;
				INFOPLIST_FILE = ScheduleUITests/Info.plist;
				LD_RUNPATH_SEARCH_PATHS = (
					"$(inherited)",
					"@executable_path/Frameworks",
					"@loader_path/Frameworks",
				);
				PRODUCT_BUNDLE_IDENTIFIER = com.venkatagovadrhangoli.ScheduleUITests;
				PRODUCT_NAME = "$(TARGET_NAME)";
				SWIFT_VERSION = 5.0;
				TARGETED_DEVICE_FAMILY = "1,2";
				TEST_TARGET_NAME = Schedule;
			};
			name = Debug;
		};
		84131545254B77AF00F0B6EF /* Release */ = {
			isa = XCBuildConfiguration;
			buildSettings = {
				ALWAYS_EMBED_SWIFT_STANDARD_LIBRARIES = YES;
				CODE_SIGN_STYLE = Automatic;
				DEVELOPMENT_TEAM = STC4XW93GM;
				INFOPLIST_FILE = ScheduleUITests/Info.plist;
				LD_RUNPATH_SEARCH_PATHS = (
					"$(inherited)",
					"@executable_path/Frameworks",
					"@loader_path/Frameworks",
				);
				PRODUCT_BUNDLE_IDENTIFIER = com.venkatagovadrhangoli.ScheduleUITests;
				PRODUCT_NAME = "$(TARGET_NAME)";
				SWIFT_VERSION = 5.0;
				TARGETED_DEVICE_FAMILY = "1,2";
				TEST_TARGET_NAME = Schedule;
			};
			name = Release;
		};
/* End XCBuildConfiguration section */

/* Begin XCConfigurationList section */
		8413150E254B77AD00F0B6EF /* Build configuration list for PBXProject "Schedule" */ = {
			isa = XCConfigurationList;
			buildConfigurations = (
				8413153B254B77AF00F0B6EF /* Debug */,
				8413153C254B77AF00F0B6EF /* Release */,
			);
			defaultConfigurationIsVisible = 0;
			defaultConfigurationName = Release;
		};
		8413153D254B77AF00F0B6EF /* Build configuration list for PBXNativeTarget "Schedule" */ = {
			isa = XCConfigurationList;
			buildConfigurations = (
				8413153E254B77AF00F0B6EF /* Debug */,
				8413153F254B77AF00F0B6EF /* Release */,
			);
			defaultConfigurationIsVisible = 0;
			defaultConfigurationName = Release;
		};
		84131540254B77AF00F0B6EF /* Build configuration list for PBXNativeTarget "ScheduleTests" */ = {
			isa = XCConfigurationList;
			buildConfigurations = (
				84131541254B77AF00F0B6EF /* Debug */,
				84131542254B77AF00F0B6EF /* Release */,
			);
			defaultConfigurationIsVisible = 0;
			defaultConfigurationName = Release;
		};
		84131543254B77AF00F0B6EF /* Build configuration list for PBXNativeTarget "ScheduleUITests" */ = {
			isa = XCConfigurationList;
			buildConfigurations = (
				84131544254B77AF00F0B6EF /* Debug */,
				84131545254B77AF00F0B6EF /* Release */,
			);
			defaultConfigurationIsVisible = 0;
			defaultConfigurationName = Release;
		};
/* End XCConfigurationList section */
	};
	rootObject = 8413150B254B77AD00F0B6EF /* Project object */;
}
